
Microsoft Visual Studio Solution File, Format Version 12.00
# Visual Studio Version 17
VisualStudioVersion = 17.4.33213.308
MinimumVisualStudioVersion = 10.0.40219.1
Project("{FAE04EC0-301F-11D3-BF4B-00C04F79EFBC}") = "ExamenWebFinal", "ExamenWebFinal.csproj", "{5A463ACB-1A3C-4C4E-A906-20DDE9D489CA}"
EndProject
Global
	GlobalSection(SolutionConfigurationPlatforms) = preSolution
		Debug|Any CPU = Debug|Any CPU
		Release|Any CPU = Release|Any CPU
	EndGlobalSection
	GlobalSection(ProjectConfigurationPlatforms) = postSolution
		{5A463ACB-1A3C-4C4E-A906-20DDE9D489CA}.Debug|Any CPU.ActiveCfg = Debug|Any CPU
		{5A463ACB-1A3C-4C4E-A906-20DDE9D489CA}.Debug|Any CPU.Build.0 = Debug|Any CPU
		{5A463ACB-1A3C-4C4E-A906-20DDE9D489CA}.Release|Any CPU.ActiveCfg = Release|Any CPU
		{5A463ACB-1A3C-4C4E-A906-20DDE9D489CA}.Release|Any CPU.Build.0 = Release|Any CPU
	EndGlobalSection
	GlobalSection(SolutionProperties) = preSolution
		HideSolutionNode = FALSE
	EndGlobalSection
	GlobalSection(ExtensibilityGlobals) = postSolution
		SolutionGuid = {672F0C02-0566-49D8-A901-4D5449170EF6}
	EndGlobalSection
EndGlobal
